// !$*UTF8*$!
{
	archiveVersion = 1;
	classes = {
	};
	objectVersion = 46;
	objects = {

/* Begin PBXBuildFile section */
		ECD6B83D1F39F02F00A8C941 /* AppDelegate.swift in Sources */ = {isa = PBXBuildFile; fileRef = ECD6B83C1F39F02F00A8C941 /* AppDelegate.swift */; };
		ECD6B83F1F39F03000A8C941 /* ViewController.swift in Sources */ = {isa = PBXBuildFile; fileRef = ECD6B83E1F39F03000A8C941 /* ViewController.swift */; };
		ECD6B8421F39F03000A8C941 /* Main.storyboard in Resources */ = {isa = PBXBuildFile; fileRef = ECD6B8401F39F03000A8C941 /* Main.storyboard */; };
		ECD6B8441F39F03000A8C941 /* Assets.xcassets in Resources */ = {isa = PBXBuildFile; fileRef = ECD6B8431F39F03000A8C941 /* Assets.xcassets */; };
		ECD6B8471F39F03000A8C941 /* LaunchScreen.storyboard in Resources */ = {isa = PBXBuildFile; fileRef = ECD6B8451F39F03000A8C941 /* LaunchScreen.storyboard */; };
		ECD6B8501F39F4FF00A8C941 /* ZipCodeTextFieldDelegate.swift in Sources */ = {isa = PBXBuildFile; fileRef = ECD6B84F1F39F4FF00A8C941 /* ZipCodeTextFieldDelegate.swift */; };
		ECD6B8521F39F55A00A8C941 /* CashTextFieldDelegate.swift in Sources */ = {isa = PBXBuildFile; fileRef = ECD6B8511F39F55A00A8C941 /* CashTextFieldDelegate.swift */; };
/* End PBXBuildFile section */

/* Begin PBXFileReference section */
		ECD6B8391F39F02F00A8C941 /* challengeApp.app */ = {isa = PBXFileReference; explicitFileType = wrapper.application; includeInIndex = 0; path = challengeApp.app; sourceTree = BUILT_PRODUCTS_DIR; };
		ECD6B83C1F39F02F00A8C941 /* AppDelegate.swift */ = {isa = PBXFileReference; lastKnownFileType = sourcecode.swift; path = AppDelegate.swift; sourceTree = "<group>"; };
		ECD6B83E1F39F03000A8C941 /* ViewController.swift */ = {isa = PBXFileReference; lastKnownFileType = sourcecode.swift; path = ViewController.swift; sourceTree = "<group>"; };
		ECD6B8411F39F03000A8C941 /* Base */ = {isa = PBXFileReference; lastKnownFileType = file.storyboard; name = Base; path = Base.lproj/Main.storyboard; sourceTree = "<group>"; };
		ECD6B8431F39F03000A8C941 /* Assets.xcassets */ = {isa = PBXFileReference; lastKnownFileType = folder.assetcatalog; path = Assets.xcassets; sourceTree = "<group>"; };
		ECD6B8461F39F03000A8C941 /* Base */ = {isa = PBXFileReference; lastKnownFileType = file.storyboard; name = Base; path = Base.lproj/LaunchScreen.storyboard; sourceTree = "<group>"; };
		ECD6B8481F39F03000A8C941 /* Info.plist */ = {isa = PBXFileReference; lastKnownFileType = text.plist.xml; path = Info.plist; sourceTree = "<group>"; };
		ECD6B84F1F39F4FF00A8C941 /* ZipCodeTextFieldDelegate.swift */ = {isa = PBXFileReference; fileEncoding = 4; lastKnownFileType = sourcecode.swift; path = ZipCodeTextFieldDelegate.swift; sourceTree = "<group>"; };
		ECD6B8511F39F55A00A8C941 /* CashTextFieldDelegate.swift */ = {isa = PBXFileReference; fileEncoding = 4; lastKnownFileType = sourcecode.swift; path = CashTextFieldDelegate.swift; sourceTree = "<group>"; };
/* End PBXFileReference section */

/* Begin PBXFrameworksBuildPhase section */
		ECD6B8361F39F02F00A8C941 /* Frameworks */ = {
			isa = PBXFrameworksBuildPhase;
			buildActionMask = 2147483647;
			files = (
			);
			runOnlyForDeploymentPostprocessing = 0;
		};
/* End PBXFrameworksBuildPhase section */

/* Begin PBXGroup section */
		ECD6B8301F39F02E00A8C941 = {
			isa = PBXGroup;
			children = (
				ECD6B83B1F39F02F00A8C941 /* challengeApp */,
				ECD6B83A1F39F02F00A8C941 /* Products */,
			);
			sourceTree = "<group>";
		};
		ECD6B83A1F39F02F00A8C941 /* Products */ = {
			isa = PBXGroup;
			children = (
				ECD6B8391F39F02F00A8C941 /* challengeApp.app */,
			);
			name = Products;
			sourceTree = "<group>";
		};
		ECD6B83B1F39F02F00A8C941 /* challengeApp */ = {
			isa = PBXGroup;
			children = (
				ECD6B84E1F39F39B00A8C941 /* Delegates */,
				ECD6B83C1F39F02F00A8C941 /* AppDelegate.swift */,
				ECD6B83E1F39F03000A8C941 /* ViewController.swift */,
				ECD6B8401F39F03000A8C941 /* Main.storyboard */,
				ECD6B8431F39F03000A8C941 /* Assets.xcassets */,
				ECD6B8451F39F03000A8C941 /* LaunchScreen.storyboard */,
				ECD6B8481F39F03000A8C941 /* Info.plist */,
			);
			path = challengeApp;
			sourceTree = "<group>";
		};
		ECD6B84E1F39F39B00A8C941 /* Delegates */ = {
			isa = PBXGroup;
			children = (
				ECD6B84F1F39F4FF00A8C941 /* ZipCodeTextFieldDelegate.swift */,
				ECD6B8511F39F55A00A8C941 /* CashTextFieldDelegate.swift */,
			);
			name = Delegates;
			sourceTree = "<group>";
		};
/* End PBXGroup section */

/* Begin PBXNativeTarget section */
		ECD6B8381F39F02F00A8C941 /* challengeApp */ = {
			isa = PBXNativeTarget;
			buildConfigurationList = ECD6B84B1F39F03000A8C941 /* Build configuration list for PBXNativeTarget "challengeApp" */;
			buildPhases = (
				ECD6B8351F39F02F00A8C941 /* Sources */,
				ECD6B8361F39F02F00A8C941 /* Frameworks */,
				ECD6B8371F39F02F00A8C941 /* Resources */,
			);
			buildRules = (
			);
			dependencies = (
			);
			name = challengeApp;
			productName = challengeApp;
			productReference = ECD6B8391F39F02F00A8C941 /* challengeApp.app */;
			productType = "com.apple.product-type.application";
		};
/* End PBXNativeTarget section */

/* Begin PBXProject section */
		ECD6B8311F39F02E00A8C941 /* Project object */ = {
			isa = PBXProject;
			attributes = {
				LastSwiftUpdateCheck = 0830;
				LastUpgradeCheck = 0830;
				ORGANIZATIONNAME = Anibal;
				TargetAttributes = {
					ECD6B8381F39F02F00A8C941 = {
						CreatedOnToolsVersion = 8.3.3;
						ProvisioningStyle = Automatic;
					};
				};
			};
			buildConfigurationList = ECD6B8341F39F02E00A8C941 /* Build configuration list for PBXProject "challengeApp" */;
			compatibilityVersion = "Xcode 3.2";
			developmentRegion = English;
			hasScannedForEncodings = 0;
			knownRegions = (
				en,
				Base,
			);
			mainGroup = ECD6B8301F39F02E00A8C941;
			productRefGroup = ECD6B83A1F39F02F00A8C941 /* Products */;
			projectDirPath = "";
			projectRoot = "";
			targets = (
				ECD6B8381F39F02F00A8C941 /* challengeApp */,
			);
		};
/* End PBXProject section */

/* Begin PBXResourcesBuildPhase section */
		ECD6B8371F39F02F00A8C941 /* Resources */ = {
			isa = PBXResourcesBuildPhase;
			buildActionMask = 2147483647;
			files = (
				ECD6B8471F39F03000A8C941 /* LaunchScreen.storyboard in Resources */,
				ECD6B8441F39F03000A8C941 /* Assets.xcassets in Resources */,
				ECD6B8421F39F03000A8C941 /* Main.storyboard in Resources */,
			);
			runOnlyForDeploymentPostprocessing = 0;
		};
/* End PBXResourcesBuildPhase section */

/* Begin PBXSourcesBuildPhase section */
		ECD6B8351F39F02F00A8C941 /* Sources */ = {
			isa = PBXSourcesBuildPhase;
			buildActionMask = 2147483647;
			files = (
				ECD6B83F1F39F03000A8C941 /* ViewController.swift in Sources */,
				ECD6B8521F39F55A00A8C941 /* CashTextFieldDelegate.swift in Sources */,
				ECD6B8501F39F4FF00A8C941 /* ZipCodeTextFieldDelegate.swift in Sources */,
				ECD6B83D1F39F02F00A8C941 /* AppDelegate.swift in Sources */,
			);
			runOnlyForDeploymentPostprocessing = 0;
		};
/* End PBXSourcesBuildPhase section */

/* Begin PBXVariantGroup section */
		ECD6B8401F39F03000A8C941 /* Main.storyboard */ = {
			isa = PBXVariantGroup;
			children = (
				ECD6B8411F39F03000A8C941 /* Base */,
			);
			name = Main.storyboard;
			sourceTree = "<group>";
		};
		ECD6B8451F39F03000A8C941 /* LaunchScreen.storyboard */ = {
			isa = PBXVariantGroup;
			children = (
				ECD6B8461F39F03000A8C941 /* Base */,
			);
			name = LaunchScreen.storyboard;
			sourceTree = "<group>";
		};
/* End PBXVariantGroup section */

/* Begin XCBuildConfiguration section */
		ECD6B8491F39F03000A8C941 /* Debug */ = {
			isa = XCBuildConfiguration;
			buildSettings = {
				ALWAYS_SEARCH_USER_PATHS = NO;
				CLANG_ANALYZER_NONNULL = YES;
				CLANG_ANALYZER_NUMBER_OBJECT_CONVERSION = YES_AGGRESSIVE;
				CLANG_CXX_LANGUAGE_STANDARD = "gnu++0x";
				CLANG_CXX_LIBRARY = "libc++";
				CLANG_ENABLE_MODULES = YES;
				CLANG_ENABLE_OBJC_ARC = YES;
				CLANG_WARN_BOOL_CONVERSION = YES;
				CLANG_WARN_CONSTANT_CONVERSION = YES;
				CLANG_WARN_DIRECT_OBJC_ISA_USAGE = YES_ERROR;
				CLANG_WARN_DOCUMENTATION_COMMENTS = YES;
				CLANG_WARN_EMPTY_BODY = YES;
				CLANG_WARN_ENUM_CONVERSION = YES;
				CLANG_WARN_INFINITE_RECURSION = YES;
				CLANG_WARN_INT_CONVERSION = YES;
				CLANG_WARN_OBJC_ROOT_CLASS = YES_ERROR;
				CLANG_WARN_SUSPICIOUS_MOVE = YES;
				CLANG_WARN_UNREACHABLE_CODE = YES;
				CLANG_WARN__DUPLICATE_METHOD_MATCH = YES;
				"CODE_SIGN_IDENTITY[sdk=iphoneos*]" = "iPhone Developer";
				COPY_PHASE_STRIP = NO;
				DEBUG_INFORMATION_FORMAT = dwarf;
				ENABLE_STRICT_OBJC_MSGSEND = YES;
				ENABLE_TESTABILITY = YES;
				GCC_C_LANGUAGE_STANDARD = gnu99;
				GCC_DYNAMIC_NO_PIC = NO;
				GCC_NO_COMMON_BLOCKS = YES;
				GCC_OPTIMIZATION_LEVEL = 0;
				GCC_PREPROCESSOR_DEFINITIONS = (
					"DEBUG=1",
					"$(inherited)",
				);
				GCC_WARN_64_TO_32_BIT_CONVERSION = YES;
				GCC_WARN_ABOUT_RETURN_TYPE = YES_ERROR;
				GCC_WARN_UNDECLARED_SELECTOR = YES;
				GCC_WARN_UNINITIALIZED_AUTOS = YES_AGGRESSIVE;
				GCC_WARN_UNUSED_FUNCTION = YES;
				GCC_WARN_UNUSED_VARIABLE = YES;
				IPHONEOS_DEPLOYMENT_TARGET = 10.3;
				MTL_ENABLE_DEBUG_INFO = YES;
				ONLY_ACTIVE_ARCH = YES;
				SDKROOT = iphoneos;
				SWIFT_ACTIVE_COMPILATION_CONDITIONS = DEBUG;
				SWIFT_OPTIMIZATION_LEVEL = "-Onone";
				TARGETED_DEVICE_FAMILY = "1,2";
			};
			name = Debug;
		};
		ECD6B84A1F39F03000A8C941 /* Release */ = {
			isa = XCBuildConfiguration;
			buildSettings = {
				ALWAYS_SEARCH_USER_PATHS = NO;
				CLANG_ANALYZER_NONNULL = YES;
				CLANG_ANALYZER_NUMBER_OBJECT_CONVERSION = YES_AGGRESSIVE;
				CLANG_CXX_LANGUAGE_STANDARD = "gnu++0x";
				CLANG_CXX_LIBRARY = "libc++";
				CLANG_ENABLE_MODULES = YES;
				CLANG_ENABLE_OBJC_ARC = YES;
				CLANG_WARN_BOOL_CONVERSION = YES;
				CLANG_WARN_CONSTANT_CONVERSION = YES;
				CLANG_WARN_DIRECT_OBJC_ISA_USAGE = YES_ERROR;
				CLANG_WARN_DOCUMENTATION_COMMENTS = YES;
				CLANG_WARN_EMPTY_BODY = YES;
				CLANG_WARN_ENUM_CONVERSION = YES;
				CLANG_WARN_INFINITE_RECURSION = YES;
				CLANG_WARN_INT_CONVERSION = YES;
				CLANG_WARN_OBJC_ROOT_CLASS = YES_ERROR;
				CLANG_WARN_SUSPICIOUS_MOVE = YES;
				CLANG_WARN_UNREACHABLE_CODE = YES;
				CLANG_WARN__DUPLICATE_METHOD_MATCH = YES;
				"CODE_SIGN_IDENTITY[sdk=iphoneos*]" = "iPhone Developer";
				COPY_PHASE_STRIP = NO;
				DEBUG_INFORMATION_FORMAT = "dwarf-with-dsym";
				ENABLE_NS_ASSERTIONS = NO;
				ENABLE_STRICT_OBJC_MSGSEND = YES;
				GCC_C_LANGUAGE_STANDARD = gnu99;
				GCC_NO_COMMON_BLOCKS = YES;
				GCC_WARN_64_TO_32_BIT_CONVERSION = YES;
				GCC_WARN_ABOUT_RETURN_TYPE = YES_ERROR;
				GCC_WARN_UNDECLARED_SELECTOR = YES;
				GCC_WARN_UNINITIALIZED_AUTOS = YES_AGGRESSIVE;
				GCC_WARN_UNUSED_FUNCTION = YES;
				GCC_WARN_UNUSED_VARIABLE = YES;
				IPHONEOS_DEPLOYMENT_TARGET = 10.3;
				MTL_ENABLE_DEBUG_INFO = NO;
				SDKROOT = iphoneos;
				SWIFT_OPTIMIZATION_LEVEL = "-Owholemodule";
				TARGETED_DEVICE_FAMILY = "1,2";
				VALIDATE_PRODUCT = YES;
			};
			name = Release;
		};
		ECD6B84C1F39F03000A8C941 /* Debug */ = {
			isa = XCBuildConfiguration;
			buildSettings = {
				ASSETCATALOG_COMPILER_APPICON_NAME = AppIcon;
				INFOPLIST_FILE = challengeApp/Info.plist;
				LD_RUNPATH_SEARCH_PATHS = "$(inherited) @executable_path/Frameworks";
				PRODUCT_BUNDLE_IDENTIFIER = com.anibal.challengeApp;
				PRODUCT_NAME = "$(TARGET_NAME)";
				SWIFT_VERSION = 3.0;
			};
			name = Debug;
		};
		ECD6B84D1F39F03000A8C941 /* Release */ = {
			isa = XCBuildConfiguration;
			buildSettings = {
				ASSETCATALOG_COMPILER_APPICON_NAME = AppIcon;
				INFOPLIST_FILE = challengeApp/Info.plist;
				LD_RUNPATH_SEARCH_PATHS = "$(inherited) @executable_path/Frameworks";
				PRODUCT_BUNDLE_IDENTIFIER = com.anibal.challengeApp;
				PRODUCT_NAME = "$(TARGET_NAME)";
				SWIFT_VERSION = 3.0;
			};
			name = Release;
		};
/* End XCBuildConfiguration section */

/* Begin XCConfigurationList section */
		ECD6B8341F39F02E00A8C941 /* Build configuration list for PBXProject "challengeApp" */ = {
			isa = XCConfigurationList;
			buildConfigurations = (
				ECD6B8491F39F03000A8C941 /* Debug */,
				ECD6B84A1F39F03000A8C941 /* Release */,
			);
			defaultConfigurationIsVisible = 0;
			defaultConfigurationName = Release;
		};
		ECD6B84B1F39F03000A8C941 /* Build configuration list for PBXNativeTarget "challengeApp" */ = {
			isa = XCConfigurationList;
			buildConfigurations = (
				ECD6B84C1F39F03000A8C941 /* Debug */,
				ECD6B84D1F39F03000A8C941 /* Release */,
			);
			defaultConfigurationIsVisible = 0;
		};
/* End XCConfigurationList section */
	};
	rootObject = ECD6B8311F39F02E00A8C941 /* Project object */;
}
