// !$*UTF8*$!
{
	archiveVersion = 1;
	classes = {
	};
	objectVersion = 48;
	objects = {

/* Begin PBXBuildFile section */
		9F2430051F92578A0092E3EB /* SocialMediaTableViewCell.swift in Sources */ = {isa = PBXBuildFile; fileRef = 9F2430041F92578A0092E3EB /* SocialMediaTableViewCell.swift */; };
		9F2430071F93E55C0092E3EB /* AddresVC.swift in Sources */ = {isa = PBXBuildFile; fileRef = 9F2430061F93E55C0092E3EB /* AddresVC.swift */; };
		9F2430091F93ED070092E3EB /* VCUtil.swift in Sources */ = {isa = PBXBuildFile; fileRef = 9F2430081F93ED070092E3EB /* VCUtil.swift */; };
		9F24300B1F93F1520092E3EB /* StalkerPin.swift in Sources */ = {isa = PBXBuildFile; fileRef = 9F24300A1F93F1520092E3EB /* StalkerPin.swift */; };
		9F2430111F9416680092E3EB /* SocialMedia+CoreDataProperties.swift in Sources */ = {isa = PBXBuildFile; fileRef = 9F24300D1F9416680092E3EB /* SocialMedia+CoreDataProperties.swift */; };
		9F2430131F9416680092E3EB /* Person+CoreDataProperties.swift in Sources */ = {isa = PBXBuildFile; fileRef = 9F24300F1F9416680092E3EB /* Person+CoreDataProperties.swift */; };
		9F289F911F8AC348008F4872 /* MapKit.framework in Frameworks */ = {isa = PBXBuildFile; fileRef = 9F289F901F8AC348008F4872 /* MapKit.framework */; };
		9F289F941F8AC7C7008F4872 /* Model.xcdatamodeld in Sources */ = {isa = PBXBuildFile; fileRef = 9F289F921F8AC7C7008F4872 /* Model.xcdatamodeld */; };
		9F289FA01F8ACB4A008F4872 /* CoreDataStack.swift in Sources */ = {isa = PBXBuildFile; fileRef = 9F289F9F1F8ACB4A008F4872 /* CoreDataStack.swift */; };
		9F289FA21F8ACF40008F4872 /* LocalDB.swift in Sources */ = {isa = PBXBuildFile; fileRef = 9F289FA11F8ACF40008F4872 /* LocalDB.swift */; };
		9F289FA41F8AD019008F4872 /* CoreDateTableViewController.swift in Sources */ = {isa = PBXBuildFile; fileRef = 9F289FA31F8AD019008F4872 /* CoreDateTableViewController.swift */; };
		9F3B74571F8A70E100115F55 /* AppDelegate.swift in Sources */ = {isa = PBXBuildFile; fileRef = 9F3B74561F8A70E100115F55 /* AppDelegate.swift */; };
		9F3B74591F8A70E100115F55 /* HistoryVC.swift in Sources */ = {isa = PBXBuildFile; fileRef = 9F3B74581F8A70E100115F55 /* HistoryVC.swift */; };
		9F3B745C1F8A70E100115F55 /* Main.storyboard in Resources */ = {isa = PBXBuildFile; fileRef = 9F3B745A1F8A70E100115F55 /* Main.storyboard */; };
		9F3B745E1F8A70E100115F55 /* Assets.xcassets in Resources */ = {isa = PBXBuildFile; fileRef = 9F3B745D1F8A70E100115F55 /* Assets.xcassets */; };
		9F3B74611F8A70E100115F55 /* LaunchScreen.storyboard in Resources */ = {isa = PBXBuildFile; fileRef = 9F3B745F1F8A70E100115F55 /* LaunchScreen.storyboard */; };
		9F3B746F1F8A910400115F55 /* DesignableView.swift in Sources */ = {isa = PBXBuildFile; fileRef = 9F3B746E1F8A910400115F55 /* DesignableView.swift */; };
		9F3B74711F8A92FD00115F55 /* PopUpVC.swift in Sources */ = {isa = PBXBuildFile; fileRef = 9F3B74701F8A92FD00115F55 /* PopUpVC.swift */; };
		9F71E79B1F8ABBF400550CAC /* ContactClient.swift in Sources */ = {isa = PBXBuildFile; fileRef = 9F71E79A1F8ABBF400550CAC /* ContactClient.swift */; };
		9F935AC91F8AD69E004F7695 /* SocialMedia+CoreDataClass.swift in Sources */ = {isa = PBXBuildFile; fileRef = 9F935AC51F8AD69E004F7695 /* SocialMedia+CoreDataClass.swift */; };
		9F935ACB1F8AD69E004F7695 /* Person+CoreDataClass.swift in Sources */ = {isa = PBXBuildFile; fileRef = 9F935AC71F8AD69E004F7695 /* Person+CoreDataClass.swift */; };
		9F935ACE1F8AFED6004F7695 /* StalkedTableViewCell.swift in Sources */ = {isa = PBXBuildFile; fileRef = 9F935ACD1F8AFED6004F7695 /* StalkedTableViewCell.swift */; };
		9F935AD01F8B0117004F7695 /* DetailVC.swift in Sources */ = {isa = PBXBuildFile; fileRef = 9F935ACF1F8B0117004F7695 /* DetailVC.swift */; };
/* End PBXBuildFile section */

/* Begin PBXFileReference section */
		9F2430041F92578A0092E3EB /* SocialMediaTableViewCell.swift */ = {isa = PBXFileReference; lastKnownFileType = sourcecode.swift; path = SocialMediaTableViewCell.swift; sourceTree = "<group>"; };
		9F2430061F93E55C0092E3EB /* AddresVC.swift */ = {isa = PBXFileReference; lastKnownFileType = sourcecode.swift; path = AddresVC.swift; sourceTree = "<group>"; };
		9F2430081F93ED070092E3EB /* VCUtil.swift */ = {isa = PBXFileReference; lastKnownFileType = sourcecode.swift; path = VCUtil.swift; sourceTree = "<group>"; };
		9F24300A1F93F1520092E3EB /* StalkerPin.swift */ = {isa = PBXFileReference; lastKnownFileType = sourcecode.swift; path = StalkerPin.swift; sourceTree = "<group>"; };
		9F24300D1F9416680092E3EB /* SocialMedia+CoreDataProperties.swift */ = {isa = PBXFileReference; lastKnownFileType = sourcecode.swift; path = "SocialMedia+CoreDataProperties.swift"; sourceTree = "<group>"; };
		9F24300F1F9416680092E3EB /* Person+CoreDataProperties.swift */ = {isa = PBXFileReference; lastKnownFileType = sourcecode.swift; path = "Person+CoreDataProperties.swift"; sourceTree = "<group>"; };
		9F289F901F8AC348008F4872 /* MapKit.framework */ = {isa = PBXFileReference; lastKnownFileType = wrapper.framework; name = MapKit.framework; path = System/Library/Frameworks/MapKit.framework; sourceTree = SDKROOT; };
		9F289F931F8AC7C7008F4872 /* Model.xcdatamodel */ = {isa = PBXFileReference; lastKnownFileType = wrapper.xcdatamodel; path = Model.xcdatamodel; sourceTree = "<group>"; };
		9F289F9F1F8ACB4A008F4872 /* CoreDataStack.swift */ = {isa = PBXFileReference; lastKnownFileType = sourcecode.swift; path = CoreDataStack.swift; sourceTree = "<group>"; };
		9F289FA11F8ACF40008F4872 /* LocalDB.swift */ = {isa = PBXFileReference; lastKnownFileType = sourcecode.swift; path = LocalDB.swift; sourceTree = "<group>"; };
		9F289FA31F8AD019008F4872 /* CoreDateTableViewController.swift */ = {isa = PBXFileReference; lastKnownFileType = sourcecode.swift; path = CoreDateTableViewController.swift; sourceTree = "<group>"; };
		9F3B74531F8A70E100115F55 /* stalkerapp.app */ = {isa = PBXFileReference; explicitFileType = wrapper.application; includeInIndex = 0; path = stalkerapp.app; sourceTree = BUILT_PRODUCTS_DIR; };
		9F3B74561F8A70E100115F55 /* AppDelegate.swift */ = {isa = PBXFileReference; lastKnownFileType = sourcecode.swift; path = AppDelegate.swift; sourceTree = "<group>"; };
		9F3B74581F8A70E100115F55 /* HistoryVC.swift */ = {isa = PBXFileReference; lastKnownFileType = sourcecode.swift; path = HistoryVC.swift; sourceTree = "<group>"; };
		9F3B745B1F8A70E100115F55 /* Base */ = {isa = PBXFileReference; lastKnownFileType = file.storyboard; name = Base; path = Base.lproj/Main.storyboard; sourceTree = "<group>"; };
		9F3B745D1F8A70E100115F55 /* Assets.xcassets */ = {isa = PBXFileReference; lastKnownFileType = folder.assetcatalog; path = Assets.xcassets; sourceTree = "<group>"; };
		9F3B74601F8A70E100115F55 /* Base */ = {isa = PBXFileReference; lastKnownFileType = file.storyboard; name = Base; path = Base.lproj/LaunchScreen.storyboard; sourceTree = "<group>"; };
		9F3B74621F8A70E200115F55 /* Info.plist */ = {isa = PBXFileReference; lastKnownFileType = text.plist.xml; path = Info.plist; sourceTree = "<group>"; };
		9F3B746E1F8A910400115F55 /* DesignableView.swift */ = {isa = PBXFileReference; lastKnownFileType = sourcecode.swift; path = DesignableView.swift; sourceTree = "<group>"; };
		9F3B74701F8A92FD00115F55 /* PopUpVC.swift */ = {isa = PBXFileReference; lastKnownFileType = sourcecode.swift; path = PopUpVC.swift; sourceTree = "<group>"; };
		9F71E79A1F8ABBF400550CAC /* ContactClient.swift */ = {isa = PBXFileReference; lastKnownFileType = sourcecode.swift; path = ContactClient.swift; sourceTree = "<group>"; };
		9F935AC51F8AD69E004F7695 /* SocialMedia+CoreDataClass.swift */ = {isa = PBXFileReference; lastKnownFileType = sourcecode.swift; path = "SocialMedia+CoreDataClass.swift"; sourceTree = "<group>"; };
		9F935AC71F8AD69E004F7695 /* Person+CoreDataClass.swift */ = {isa = PBXFileReference; lastKnownFileType = sourcecode.swift; path = "Person+CoreDataClass.swift"; sourceTree = "<group>"; };
		9F935ACD1F8AFED6004F7695 /* StalkedTableViewCell.swift */ = {isa = PBXFileReference; lastKnownFileType = sourcecode.swift; path = StalkedTableViewCell.swift; sourceTree = "<group>"; };
		9F935ACF1F8B0117004F7695 /* DetailVC.swift */ = {isa = PBXFileReference; lastKnownFileType = sourcecode.swift; path = DetailVC.swift; sourceTree = "<group>"; };
/* End PBXFileReference section */

/* Begin PBXFrameworksBuildPhase section */
		9F3B74501F8A70E000115F55 /* Frameworks */ = {
			isa = PBXFrameworksBuildPhase;
			buildActionMask = 2147483647;
			files = (
				9F289F911F8AC348008F4872 /* MapKit.framework in Frameworks */,
			);
			runOnlyForDeploymentPostprocessing = 0;
		};
/* End PBXFrameworksBuildPhase section */

/* Begin PBXGroup section */
		9F289F8F1F8AC347008F4872 /* Frameworks */ = {
			isa = PBXGroup;
			children = (
				9F289F901F8AC348008F4872 /* MapKit.framework */,
			);
			name = Frameworks;
			sourceTree = "<group>";
		};
		9F3B744A1F8A70E000115F55 = {
			isa = PBXGroup;
			children = (
				9F3B74551F8A70E100115F55 /* stalkerapp */,
				9F3B74541F8A70E100115F55 /* Products */,
				9F289F8F1F8AC347008F4872 /* Frameworks */,
			);
			sourceTree = "<group>";
		};
		9F3B74541F8A70E100115F55 /* Products */ = {
			isa = PBXGroup;
			children = (
				9F3B74531F8A70E100115F55 /* stalkerapp.app */,
			);
			name = Products;
			sourceTree = "<group>";
		};
		9F3B74551F8A70E100115F55 /* stalkerapp */ = {
			isa = PBXGroup;
			children = (
				9F71E7941F8AB5AE00550CAC /* Apis */,
				9F3B746C1F8A90CF00115F55 /* Views */,
				9F3B746B1F8A718D00115F55 /* Assets */,
				9F3B746A1F8A718700115F55 /* Controllers */,
				9F3B74691F8A717F00115F55 /* Models */,
				9F3B74561F8A70E100115F55 /* AppDelegate.swift */,
				9F3B74621F8A70E200115F55 /* Info.plist */,
			);
			path = stalkerapp;
			sourceTree = "<group>";
		};
		9F3B74691F8A717F00115F55 /* Models */ = {
			isa = PBXGroup;
			children = (
				9F24300D1F9416680092E3EB /* SocialMedia+CoreDataProperties.swift */,
				9F24300F1F9416680092E3EB /* Person+CoreDataProperties.swift */,
				9F935AC51F8AD69E004F7695 /* SocialMedia+CoreDataClass.swift */,
				9F935AC71F8AD69E004F7695 /* Person+CoreDataClass.swift */,
				9F289F921F8AC7C7008F4872 /* Model.xcdatamodeld */,
				9F289F9F1F8ACB4A008F4872 /* CoreDataStack.swift */,
				9F289FA11F8ACF40008F4872 /* LocalDB.swift */,
			);
			path = Models;
			sourceTree = "<group>";
		};
		9F3B746A1F8A718700115F55 /* Controllers */ = {
			isa = PBXGroup;
			children = (
				9F3B74581F8A70E100115F55 /* HistoryVC.swift */,
				9F3B74701F8A92FD00115F55 /* PopUpVC.swift */,
				9F289FA31F8AD019008F4872 /* CoreDateTableViewController.swift */,
				9F935ACF1F8B0117004F7695 /* DetailVC.swift */,
				9F2430061F93E55C0092E3EB /* AddresVC.swift */,
				9F2430081F93ED070092E3EB /* VCUtil.swift */,
			);
			path = Controllers;
			sourceTree = "<group>";
		};
		9F3B746B1F8A718D00115F55 /* Assets */ = {
			isa = PBXGroup;
			children = (
				9F3B745A1F8A70E100115F55 /* Main.storyboard */,
				9F3B745D1F8A70E100115F55 /* Assets.xcassets */,
				9F3B745F1F8A70E100115F55 /* LaunchScreen.storyboard */,
			);
			path = Assets;
			sourceTree = "<group>";
		};
		9F3B746C1F8A90CF00115F55 /* Views */ = {
			isa = PBXGroup;
			children = (
				9F3B746D1F8A90D700115F55 /* Designables */,
				9F935ACD1F8AFED6004F7695 /* StalkedTableViewCell.swift */,
				9F2430041F92578A0092E3EB /* SocialMediaTableViewCell.swift */,
				9F24300A1F93F1520092E3EB /* StalkerPin.swift */,
			);
			path = Views;
			sourceTree = "<group>";
		};
		9F3B746D1F8A90D700115F55 /* Designables */ = {
			isa = PBXGroup;
			children = (
				9F3B746E1F8A910400115F55 /* DesignableView.swift */,
			);
			path = Designables;
			sourceTree = "<group>";
		};
		9F71E7941F8AB5AE00550CAC /* Apis */ = {
			isa = PBXGroup;
			children = (
				9F71E79A1F8ABBF400550CAC /* ContactClient.swift */,
			);
			name = Apis;
			path = Api;
			sourceTree = "<group>";
		};
/* End PBXGroup section */

/* Begin PBXNativeTarget section */
		9F3B74521F8A70E000115F55 /* stalkerapp */ = {
			isa = PBXNativeTarget;
			buildConfigurationList = 9F3B74651F8A70E200115F55 /* Build configuration list for PBXNativeTarget "stalkerapp" */;
			buildPhases = (
				9F3B744F1F8A70E000115F55 /* Sources */,
				9F3B74501F8A70E000115F55 /* Frameworks */,
				9F3B74511F8A70E000115F55 /* Resources */,
			);
			buildRules = (
			);
			dependencies = (
			);
			name = stalkerapp;
			productName = stalkerapp;
			productReference = 9F3B74531F8A70E100115F55 /* stalkerapp.app */;
			productType = "com.apple.product-type.application";
		};
/* End PBXNativeTarget section */

/* Begin PBXProject section */
		9F3B744B1F8A70E000115F55 /* Project object */ = {
			isa = PBXProject;
			attributes = {
				LastSwiftUpdateCheck = 0900;
				LastUpgradeCheck = 0900;
				ORGANIZATIONNAME = "Carlos Lozano";
				TargetAttributes = {
					9F3B74521F8A70E000115F55 = {
						CreatedOnToolsVersion = 9.0;
						ProvisioningStyle = Automatic;
					};
				};
			};
			buildConfigurationList = 9F3B744E1F8A70E000115F55 /* Build configuration list for PBXProject "stalkerapp" */;
			compatibilityVersion = "Xcode 8.0";
			developmentRegion = en;
			hasScannedForEncodings = 0;
			knownRegions = (
				en,
				Base,
			);
			mainGroup = 9F3B744A1F8A70E000115F55;
			productRefGroup = 9F3B74541F8A70E100115F55 /* Products */;
			projectDirPath = "";
			projectRoot = "";
			targets = (
				9F3B74521F8A70E000115F55 /* stalkerapp */,
			);
		};
/* End PBXProject section */

/* Begin PBXResourcesBuildPhase section */
		9F3B74511F8A70E000115F55 /* Resources */ = {
			isa = PBXResourcesBuildPhase;
			buildActionMask = 2147483647;
			files = (
				9F3B74611F8A70E100115F55 /* LaunchScreen.storyboard in Resources */,
				9F3B745E1F8A70E100115F55 /* Assets.xcassets in Resources */,
				9F3B745C1F8A70E100115F55 /* Main.storyboard in Resources */,
			);
			runOnlyForDeploymentPostprocessing = 0;
		};
/* End PBXResourcesBuildPhase section */

/* Begin PBXSourcesBuildPhase section */
		9F3B744F1F8A70E000115F55 /* Sources */ = {
			isa = PBXSourcesBuildPhase;
			buildActionMask = 2147483647;
			files = (
				9F2430111F9416680092E3EB /* SocialMedia+CoreDataProperties.swift in Sources */,
				9F3B74591F8A70E100115F55 /* HistoryVC.swift in Sources */,
				9F289FA41F8AD019008F4872 /* CoreDateTableViewController.swift in Sources */,
				9F935ACE1F8AFED6004F7695 /* StalkedTableViewCell.swift in Sources */,
				9F71E79B1F8ABBF400550CAC /* ContactClient.swift in Sources */,
				9F3B74571F8A70E100115F55 /* AppDelegate.swift in Sources */,
				9F24300B1F93F1520092E3EB /* StalkerPin.swift in Sources */,
				9F289FA01F8ACB4A008F4872 /* CoreDataStack.swift in Sources */,
				9F2430051F92578A0092E3EB /* SocialMediaTableViewCell.swift in Sources */,
				9F3B746F1F8A910400115F55 /* DesignableView.swift in Sources */,
				9F2430071F93E55C0092E3EB /* AddresVC.swift in Sources */,
				9F289FA21F8ACF40008F4872 /* LocalDB.swift in Sources */,
				9F2430131F9416680092E3EB /* Person+CoreDataProperties.swift in Sources */,
				9F935ACB1F8AD69E004F7695 /* Person+CoreDataClass.swift in Sources */,
				9F3B74711F8A92FD00115F55 /* PopUpVC.swift in Sources */,
				9F2430091F93ED070092E3EB /* VCUtil.swift in Sources */,
				9F935AD01F8B0117004F7695 /* DetailVC.swift in Sources */,
				9F289F941F8AC7C7008F4872 /* Model.xcdatamodeld in Sources */,
				9F935AC91F8AD69E004F7695 /* SocialMedia+CoreDataClass.swift in Sources */,
			);
			runOnlyForDeploymentPostprocessing = 0;
		};
/* End PBXSourcesBuildPhase section */

/* Begin PBXVariantGroup section */
		9F3B745A1F8A70E100115F55 /* Main.storyboard */ = {
			isa = PBXVariantGroup;
			children = (
				9F3B745B1F8A70E100115F55 /* Base */,
			);
			name = Main.storyboard;
			sourceTree = "<group>";
		};
		9F3B745F1F8A70E100115F55 /* LaunchScreen.storyboard */ = {
			isa = PBXVariantGroup;
			children = (
				9F3B74601F8A70E100115F55 /* Base */,
			);
			name = LaunchScreen.storyboard;
			sourceTree = "<group>";
		};
/* End PBXVariantGroup section */

/* Begin XCBuildConfiguration section */
		9F3B74631F8A70E200115F55 /* Debug */ = {
			isa = XCBuildConfiguration;
			buildSettings = {
				ALWAYS_SEARCH_USER_PATHS = NO;
				CLANG_ANALYZER_NONNULL = YES;
				CLANG_ANALYZER_NUMBER_OBJECT_CONVERSION = YES_AGGRESSIVE;
				CLANG_CXX_LANGUAGE_STANDARD = "gnu++14";
				CLANG_CXX_LIBRARY = "libc++";
				CLANG_ENABLE_MODULES = YES;
				CLANG_ENABLE_OBJC_ARC = YES;
				CLANG_WARN_BLOCK_CAPTURE_AUTORELEASING = YES;
				CLANG_WARN_BOOL_CONVERSION = YES;
				CLANG_WARN_COMMA = YES;
				CLANG_WARN_CONSTANT_CONVERSION = YES;
				CLANG_WARN_DIRECT_OBJC_ISA_USAGE = YES_ERROR;
				CLANG_WARN_DOCUMENTATION_COMMENTS = YES;
				CLANG_WARN_EMPTY_BODY = YES;
				CLANG_WARN_ENUM_CONVERSION = YES;
				CLANG_WARN_INFINITE_RECURSION = YES;
				CLANG_WARN_INT_CONVERSION = YES;
				CLANG_WARN_NON_LITERAL_NULL_CONVERSION = YES;
				CLANG_WARN_OBJC_LITERAL_CONVERSION = YES;
				CLANG_WARN_OBJC_ROOT_CLASS = YES_ERROR;
				CLANG_WARN_RANGE_LOOP_ANALYSIS = YES;
				CLANG_WARN_STRICT_PROTOTYPES = YES;
				CLANG_WARN_SUSPICIOUS_MOVE = YES;
				CLANG_WARN_UNGUARDED_AVAILABILITY = YES_AGGRESSIVE;
				CLANG_WARN_UNREACHABLE_CODE = YES;
				CLANG_WARN__DUPLICATE_METHOD_MATCH = YES;
				CODE_SIGN_IDENTITY = "iPhone Developer";
				COPY_PHASE_STRIP = NO;
				DEBUG_INFORMATION_FORMAT = dwarf;
				ENABLE_STRICT_OBJC_MSGSEND = YES;
				ENABLE_TESTABILITY = YES;
				GCC_C_LANGUAGE_STANDARD = gnu11;
				GCC_DYNAMIC_NO_PIC = NO;
				GCC_NO_COMMON_BLOCKS = YES;
				GCC_OPTIMIZATION_LEVEL = 0;
				GCC_PREPROCESSOR_DEFINITIONS = (
					"DEBUG=1",
					"$(inherited)",
				);
				GCC_WARN_64_TO_32_BIT_CONVERSION = YES;
				GCC_WARN_ABOUT_RETURN_TYPE = YES_ERROR;
				GCC_WARN_UNDECLARED_SELECTOR = YES;
				GCC_WARN_UNINITIALIZED_AUTOS = YES_AGGRESSIVE;
				GCC_WARN_UNUSED_FUNCTION = YES;
				GCC_WARN_UNUSED_VARIABLE = YES;
				IPHONEOS_DEPLOYMENT_TARGET = 11.0;
				MTL_ENABLE_DEBUG_INFO = YES;
				ONLY_ACTIVE_ARCH = YES;
				SDKROOT = iphoneos;
				SWIFT_ACTIVE_COMPILATION_CONDITIONS = DEBUG;
				SWIFT_OPTIMIZATION_LEVEL = "-Onone";
			};
			name = Debug;
		};
		9F3B74641F8A70E200115F55 /* Release */ = {
			isa = XCBuildConfiguration;
			buildSettings = {
				ALWAYS_SEARCH_USER_PATHS = NO;
				CLANG_ANALYZER_NONNULL = YES;
				CLANG_ANALYZER_NUMBER_OBJECT_CONVERSION = YES_AGGRESSIVE;
				CLANG_CXX_LANGUAGE_STANDARD = "gnu++14";
				CLANG_CXX_LIBRARY = "libc++";
				CLANG_ENABLE_MODULES = YES;
				CLANG_ENABLE_OBJC_ARC = YES;
				CLANG_WARN_BLOCK_CAPTURE_AUTORELEASING = YES;
				CLANG_WARN_BOOL_CONVERSION = YES;
				CLANG_WARN_COMMA = YES;
				CLANG_WARN_CONSTANT_CONVERSION = YES;
				CLANG_WARN_DIRECT_OBJC_ISA_USAGE = YES_ERROR;
				CLANG_WARN_DOCUMENTATION_COMMENTS = YES;
				CLANG_WARN_EMPTY_BODY = YES;
				CLANG_WARN_ENUM_CONVERSION = YES;
				CLANG_WARN_INFINITE_RECURSION = YES;
				CLANG_WARN_INT_CONVERSION = YES;
				CLANG_WARN_NON_LITERAL_NULL_CONVERSION = YES;
				CLANG_WARN_OBJC_LITERAL_CONVERSION = YES;
				CLANG_WARN_OBJC_ROOT_CLASS = YES_ERROR;
				CLANG_WARN_RANGE_LOOP_ANALYSIS = YES;
				CLANG_WARN_STRICT_PROTOTYPES = YES;
				CLANG_WARN_SUSPICIOUS_MOVE = YES;
				CLANG_WARN_UNGUARDED_AVAILABILITY = YES_AGGRESSIVE;
				CLANG_WARN_UNREACHABLE_CODE = YES;
				CLANG_WARN__DUPLICATE_METHOD_MATCH = YES;
				CODE_SIGN_IDENTITY = "iPhone Developer";
				COPY_PHASE_STRIP = NO;
				DEBUG_INFORMATION_FORMAT = "dwarf-with-dsym";
				ENABLE_NS_ASSERTIONS = NO;
				ENABLE_STRICT_OBJC_MSGSEND = YES;
				GCC_C_LANGUAGE_STANDARD = gnu11;
				GCC_NO_COMMON_BLOCKS = YES;
				GCC_WARN_64_TO_32_BIT_CONVERSION = YES;
				GCC_WARN_ABOUT_RETURN_TYPE = YES_ERROR;
				GCC_WARN_UNDECLARED_SELECTOR = YES;
				GCC_WARN_UNINITIALIZED_AUTOS = YES_AGGRESSIVE;
				GCC_WARN_UNUSED_FUNCTION = YES;
				GCC_WARN_UNUSED_VARIABLE = YES;
				IPHONEOS_DEPLOYMENT_TARGET = 11.0;
				MTL_ENABLE_DEBUG_INFO = NO;
				SDKROOT = iphoneos;
				SWIFT_OPTIMIZATION_LEVEL = "-Owholemodule";
				VALIDATE_PRODUCT = YES;
			};
			name = Release;
		};
		9F3B74661F8A70E200115F55 /* Debug */ = {
			isa = XCBuildConfiguration;
			buildSettings = {
				ASSETCATALOG_COMPILER_APPICON_NAME = AppIcon;
				CODE_SIGN_STYLE = Automatic;
				DEVELOPMENT_TEAM = NY975BLVV2;
				INFOPLIST_FILE = stalkerapp/Info.plist;
				LD_RUNPATH_SEARCH_PATHS = "$(inherited) @executable_path/Frameworks";
				PRODUCT_BUNDLE_IDENTIFIER = com.anibal.stalkerapp;
				PRODUCT_NAME = "$(TARGET_NAME)";
				SWIFT_VERSION = 4.0;
				TARGETED_DEVICE_FAMILY = "1,2";
			};
			name = Debug;
		};
		9F3B74671F8A70E200115F55 /* Release */ = {
			isa = XCBuildConfiguration;
			buildSettings = {
				ASSETCATALOG_COMPILER_APPICON_NAME = AppIcon;
				CODE_SIGN_STYLE = Automatic;
				DEVELOPMENT_TEAM = NY975BLVV2;
				INFOPLIST_FILE = stalkerapp/Info.plist;
				LD_RUNPATH_SEARCH_PATHS = "$(inherited) @executable_path/Frameworks";
				PRODUCT_BUNDLE_IDENTIFIER = com.anibal.stalkerapp;
				PRODUCT_NAME = "$(TARGET_NAME)";
				SWIFT_VERSION = 4.0;
				TARGETED_DEVICE_FAMILY = "1,2";
			};
			name = Release;
		};
/* End XCBuildConfiguration section */

/* Begin XCConfigurationList section */
		9F3B744E1F8A70E000115F55 /* Build configuration list for PBXProject "stalkerapp" */ = {
			isa = XCConfigurationList;
			buildConfigurations = (
				9F3B74631F8A70E200115F55 /* Debug */,
				9F3B74641F8A70E200115F55 /* Release */,
			);
			defaultConfigurationIsVisible = 0;
			defaultConfigurationName = Release;
		};
		9F3B74651F8A70E200115F55 /* Build configuration list for PBXNativeTarget "stalkerapp" */ = {
			isa = XCConfigurationList;
			buildConfigurations = (
				9F3B74661F8A70E200115F55 /* Debug */,
				9F3B74671F8A70E200115F55 /* Release */,
			);
			defaultConfigurationIsVisible = 0;
			defaultConfigurationName = Release;
		};
/* End XCConfigurationList section */

/* Begin XCVersionGroup section */
		9F289F921F8AC7C7008F4872 /* Model.xcdatamodeld */ = {
			isa = XCVersionGroup;
			children = (
				9F289F931F8AC7C7008F4872 /* Model.xcdatamodel */,
			);
			currentVersion = 9F289F931F8AC7C7008F4872 /* Model.xcdatamodel */;
			path = Model.xcdatamodeld;
			sourceTree = "<group>";
			versionGroupType = wrapper.xcdatamodel;
		};
/* End XCVersionGroup section */
	};
	rootObject = 9F3B744B1F8A70E000115F55 /* Project object */;
}
