// !$*UTF8*$!
{
	archiveVersion = 1;
	classes = {
	};
	objectVersion = 46;
	objects = {

/* Begin PBXBuildFile section */
		9F88BB4E1F46656600EAEFC8 /* AppDelegate.swift in Sources */ = {isa = PBXBuildFile; fileRef = 9F88BB4D1F46656600EAEFC8 /* AppDelegate.swift */; };
		9F88BB501F46656600EAEFC8 /* ViewController.swift in Sources */ = {isa = PBXBuildFile; fileRef = 9F88BB4F1F46656600EAEFC8 /* ViewController.swift */; };
		9F88BB531F46656600EAEFC8 /* Main.storyboard in Resources */ = {isa = PBXBuildFile; fileRef = 9F88BB511F46656600EAEFC8 /* Main.storyboard */; };
		9F88BB551F46656600EAEFC8 /* Assets.xcassets in Resources */ = {isa = PBXBuildFile; fileRef = 9F88BB541F46656600EAEFC8 /* Assets.xcassets */; };
		9F88BB581F46656600EAEFC8 /* LaunchScreen.storyboard in Resources */ = {isa = PBXBuildFile; fileRef = 9F88BB561F46656600EAEFC8 /* LaunchScreen.storyboard */; };
/* End PBXBuildFile section */

/* Begin PBXFileReference section */
		9F88BB4A1F46656600EAEFC8 /* navigationEx1.app */ = {isa = PBXFileReference; explicitFileType = wrapper.application; includeInIndex = 0; path = navigationEx1.app; sourceTree = BUILT_PRODUCTS_DIR; };
		9F88BB4D1F46656600EAEFC8 /* AppDelegate.swift */ = {isa = PBXFileReference; lastKnownFileType = sourcecode.swift; path = AppDelegate.swift; sourceTree = "<group>"; };
		9F88BB4F1F46656600EAEFC8 /* ViewController.swift */ = {isa = PBXFileReference; lastKnownFileType = sourcecode.swift; path = ViewController.swift; sourceTree = "<group>"; };
		9F88BB521F46656600EAEFC8 /* Base */ = {isa = PBXFileReference; lastKnownFileType = file.storyboard; name = Base; path = Base.lproj/Main.storyboard; sourceTree = "<group>"; };
		9F88BB541F46656600EAEFC8 /* Assets.xcassets */ = {isa = PBXFileReference; lastKnownFileType = folder.assetcatalog; path = Assets.xcassets; sourceTree = "<group>"; };
		9F88BB571F46656600EAEFC8 /* Base */ = {isa = PBXFileReference; lastKnownFileType = file.storyboard; name = Base; path = Base.lproj/LaunchScreen.storyboard; sourceTree = "<group>"; };
		9F88BB591F46656600EAEFC8 /* Info.plist */ = {isa = PBXFileReference; lastKnownFileType = text.plist.xml; path = Info.plist; sourceTree = "<group>"; };
/* End PBXFileReference section */

/* Begin PBXFrameworksBuildPhase section */
		9F88BB471F46656600EAEFC8 /* Frameworks */ = {
			isa = PBXFrameworksBuildPhase;
			buildActionMask = 2147483647;
			files = (
			);
			runOnlyForDeploymentPostprocessing = 0;
		};
/* End PBXFrameworksBuildPhase section */

/* Begin PBXGroup section */
		9F88BB411F46656600EAEFC8 = {
			isa = PBXGroup;
			children = (
				9F88BB4C1F46656600EAEFC8 /* navigationEx1 */,
				9F88BB4B1F46656600EAEFC8 /* Products */,
			);
			sourceTree = "<group>";
		};
		9F88BB4B1F46656600EAEFC8 /* Products */ = {
			isa = PBXGroup;
			children = (
				9F88BB4A1F46656600EAEFC8 /* navigationEx1.app */,
			);
			name = Products;
			sourceTree = "<group>";
		};
		9F88BB4C1F46656600EAEFC8 /* navigationEx1 */ = {
			isa = PBXGroup;
			children = (
				9F88BB4D1F46656600EAEFC8 /* AppDelegate.swift */,
				9F88BB4F1F46656600EAEFC8 /* ViewController.swift */,
				9F88BB511F46656600EAEFC8 /* Main.storyboard */,
				9F88BB541F46656600EAEFC8 /* Assets.xcassets */,
				9F88BB561F46656600EAEFC8 /* LaunchScreen.storyboard */,
				9F88BB591F46656600EAEFC8 /* Info.plist */,
			);
			path = navigationEx1;
			sourceTree = "<group>";
		};
/* End PBXGroup section */

/* Begin PBXNativeTarget section */
		9F88BB491F46656600EAEFC8 /* navigationEx1 */ = {
			isa = PBXNativeTarget;
			buildConfigurationList = 9F88BB5C1F46656600EAEFC8 /* Build configuration list for PBXNativeTarget "navigationEx1" */;
			buildPhases = (
				9F88BB461F46656600EAEFC8 /* Sources */,
				9F88BB471F46656600EAEFC8 /* Frameworks */,
				9F88BB481F46656600EAEFC8 /* Resources */,
			);
			buildRules = (
			);
			dependencies = (
			);
			name = navigationEx1;
			productName = navigationEx1;
			productReference = 9F88BB4A1F46656600EAEFC8 /* navigationEx1.app */;
			productType = "com.apple.product-type.application";
		};
/* End PBXNativeTarget section */

/* Begin PBXProject section */
		9F88BB421F46656600EAEFC8 /* Project object */ = {
			isa = PBXProject;
			attributes = {
				LastSwiftUpdateCheck = 0830;
				LastUpgradeCheck = 0830;
				ORGANIZATIONNAME = "Carlos Lozano";
				TargetAttributes = {
					9F88BB491F46656600EAEFC8 = {
						CreatedOnToolsVersion = 8.3.3;
						DevelopmentTeam = NY975BLVV2;
						ProvisioningStyle = Automatic;
					};
				};
			};
			buildConfigurationList = 9F88BB451F46656600EAEFC8 /* Build configuration list for PBXProject "navigationEx1" */;
			compatibilityVersion = "Xcode 3.2";
			developmentRegion = English;
			hasScannedForEncodings = 0;
			knownRegions = (
				en,
				Base,
			);
			mainGroup = 9F88BB411F46656600EAEFC8;
			productRefGroup = 9F88BB4B1F46656600EAEFC8 /* Products */;
			projectDirPath = "";
			projectRoot = "";
			targets = (
				9F88BB491F46656600EAEFC8 /* navigationEx1 */,
			);
		};
/* End PBXProject section */

/* Begin PBXResourcesBuildPhase section */
		9F88BB481F46656600EAEFC8 /* Resources */ = {
			isa = PBXResourcesBuildPhase;
			buildActionMask = 2147483647;
			files = (
				9F88BB581F46656600EAEFC8 /* LaunchScreen.storyboard in Resources */,
				9F88BB551F46656600EAEFC8 /* Assets.xcassets in Resources */,
				9F88BB531F46656600EAEFC8 /* Main.storyboard in Resources */,
			);
			runOnlyForDeploymentPostprocessing = 0;
		};
/* End PBXResourcesBuildPhase section */

/* Begin PBXSourcesBuildPhase section */
		9F88BB461F46656600EAEFC8 /* Sources */ = {
			isa = PBXSourcesBuildPhase;
			buildActionMask = 2147483647;
			files = (
				9F88BB501F46656600EAEFC8 /* ViewController.swift in Sources */,
				9F88BB4E1F46656600EAEFC8 /* AppDelegate.swift in Sources */,
			);
			runOnlyForDeploymentPostprocessing = 0;
		};
/* End PBXSourcesBuildPhase section */

/* Begin PBXVariantGroup section */
		9F88BB511F46656600EAEFC8 /* Main.storyboard */ = {
			isa = PBXVariantGroup;
			children = (
				9F88BB521F46656600EAEFC8 /* Base */,
			);
			name = Main.storyboard;
			sourceTree = "<group>";
		};
		9F88BB561F46656600EAEFC8 /* LaunchScreen.storyboard */ = {
			isa = PBXVariantGroup;
			children = (
				9F88BB571F46656600EAEFC8 /* Base */,
			);
			name = LaunchScreen.storyboard;
			sourceTree = "<group>";
		};
/* End PBXVariantGroup section */

/* Begin XCBuildConfiguration section */
		9F88BB5A1F46656600EAEFC8 /* Debug */ = {
			isa = XCBuildConfiguration;
			buildSettings = {
				ALWAYS_SEARCH_USER_PATHS = NO;
				CLANG_ANALYZER_NONNULL = YES;
				CLANG_ANALYZER_NUMBER_OBJECT_CONVERSION = YES_AGGRESSIVE;
				CLANG_CXX_LANGUAGE_STANDARD = "gnu++0x";
				CLANG_CXX_LIBRARY = "libc++";
				CLANG_ENABLE_MODULES = YES;
				CLANG_ENABLE_OBJC_ARC = YES;
				CLANG_WARN_BOOL_CONVERSION = YES;
				CLANG_WARN_CONSTANT_CONVERSION = YES;
				CLANG_WARN_DIRECT_OBJC_ISA_USAGE = YES_ERROR;
				CLANG_WARN_DOCUMENTATION_COMMENTS = YES;
				CLANG_WARN_EMPTY_BODY = YES;
				CLANG_WARN_ENUM_CONVERSION = YES;
				CLANG_WARN_INFINITE_RECURSION = YES;
				CLANG_WARN_INT_CONVERSION = YES;
				CLANG_WARN_OBJC_ROOT_CLASS = YES_ERROR;
				CLANG_WARN_SUSPICIOUS_MOVE = YES;
				CLANG_WARN_UNREACHABLE_CODE = YES;
				CLANG_WARN__DUPLICATE_METHOD_MATCH = YES;
				"CODE_SIGN_IDENTITY[sdk=iphoneos*]" = "iPhone Developer";
				COPY_PHASE_STRIP = NO;
				DEBUG_INFORMATION_FORMAT = dwarf;
				ENABLE_STRICT_OBJC_MSGSEND = YES;
				ENABLE_TESTABILITY = YES;
				GCC_C_LANGUAGE_STANDARD = gnu99;
				GCC_DYNAMIC_NO_PIC = NO;
				GCC_NO_COMMON_BLOCKS = YES;
				GCC_OPTIMIZATION_LEVEL = 0;
				GCC_PREPROCESSOR_DEFINITIONS = (
					"DEBUG=1",
					"$(inherited)",
				);
				GCC_WARN_64_TO_32_BIT_CONVERSION = YES;
				GCC_WARN_ABOUT_RETURN_TYPE = YES_ERROR;
				GCC_WARN_UNDECLARED_SELECTOR = YES;
				GCC_WARN_UNINITIALIZED_AUTOS = YES_AGGRESSIVE;
				GCC_WARN_UNUSED_FUNCTION = YES;
				GCC_WARN_UNUSED_VARIABLE = YES;
				IPHONEOS_DEPLOYMENT_TARGET = 10.3;
				MTL_ENABLE_DEBUG_INFO = YES;
				ONLY_ACTIVE_ARCH = YES;
				SDKROOT = iphoneos;
				SWIFT_ACTIVE_COMPILATION_CONDITIONS = DEBUG;
				SWIFT_OPTIMIZATION_LEVEL = "-Onone";
			};
			name = Debug;
		};
		9F88BB5B1F46656600EAEFC8 /* Release */ = {
			isa = XCBuildConfiguration;
			buildSettings = {
				ALWAYS_SEARCH_USER_PATHS = NO;
				CLANG_ANALYZER_NONNULL = YES;
				CLANG_ANALYZER_NUMBER_OBJECT_CONVERSION = YES_AGGRESSIVE;
				CLANG_CXX_LANGUAGE_STANDARD = "gnu++0x";
				CLANG_CXX_LIBRARY = "libc++";
				CLANG_ENABLE_MODULES = YES;
				CLANG_ENABLE_OBJC_ARC = YES;
				CLANG_WARN_BOOL_CONVERSION = YES;
				CLANG_WARN_CONSTANT_CONVERSION = YES;
				CLANG_WARN_DIRECT_OBJC_ISA_USAGE = YES_ERROR;
				CLANG_WARN_DOCUMENTATION_COMMENTS = YES;
				CLANG_WARN_EMPTY_BODY = YES;
				CLANG_WARN_ENUM_CONVERSION = YES;
				CLANG_WARN_INFINITE_RECURSION = YES;
				CLANG_WARN_INT_CONVERSION = YES;
				CLANG_WARN_OBJC_ROOT_CLASS = YES_ERROR;
				CLANG_WARN_SUSPICIOUS_MOVE = YES;
				CLANG_WARN_UNREACHABLE_CODE = YES;
				CLANG_WARN__DUPLICATE_METHOD_MATCH = YES;
				"CODE_SIGN_IDENTITY[sdk=iphoneos*]" = "iPhone Developer";
				COPY_PHASE_STRIP = NO;
				DEBUG_INFORMATION_FORMAT = "dwarf-with-dsym";
				ENABLE_NS_ASSERTIONS = NO;
				ENABLE_STRICT_OBJC_MSGSEND = YES;
				GCC_C_LANGUAGE_STANDARD = gnu99;
				GCC_NO_COMMON_BLOCKS = YES;
				GCC_WARN_64_TO_32_BIT_CONVERSION = YES;
				GCC_WARN_ABOUT_RETURN_TYPE = YES_ERROR;
				GCC_WARN_UNDECLARED_SELECTOR = YES;
				GCC_WARN_UNINITIALIZED_AUTOS = YES_AGGRESSIVE;
				GCC_WARN_UNUSED_FUNCTION = YES;
				GCC_WARN_UNUSED_VARIABLE = YES;
				IPHONEOS_DEPLOYMENT_TARGET = 10.3;
				MTL_ENABLE_DEBUG_INFO = NO;
				SDKROOT = iphoneos;
				SWIFT_OPTIMIZATION_LEVEL = "-Owholemodule";
				VALIDATE_PRODUCT = YES;
			};
			name = Release;
		};
		9F88BB5D1F46656600EAEFC8 /* Debug */ = {
			isa = XCBuildConfiguration;
			buildSettings = {
				ASSETCATALOG_COMPILER_APPICON_NAME = AppIcon;
				DEVELOPMENT_TEAM = NY975BLVV2;
				INFOPLIST_FILE = navigationEx1/Info.plist;
				LD_RUNPATH_SEARCH_PATHS = "$(inherited) @executable_path/Frameworks";
				PRODUCT_BUNDLE_IDENTIFIER = com.anibal.navigationEx1;
				PRODUCT_NAME = "$(TARGET_NAME)";
				SWIFT_VERSION = 3.0;
			};
			name = Debug;
		};
		9F88BB5E1F46656600EAEFC8 /* Release */ = {
			isa = XCBuildConfiguration;
			buildSettings = {
				ASSETCATALOG_COMPILER_APPICON_NAME = AppIcon;
				DEVELOPMENT_TEAM = NY975BLVV2;
				INFOPLIST_FILE = navigationEx1/Info.plist;
				LD_RUNPATH_SEARCH_PATHS = "$(inherited) @executable_path/Frameworks";
				PRODUCT_BUNDLE_IDENTIFIER = com.anibal.navigationEx1;
				PRODUCT_NAME = "$(TARGET_NAME)";
				SWIFT_VERSION = 3.0;
			};
			name = Release;
		};
/* End XCBuildConfiguration section */

/* Begin XCConfigurationList section */
		9F88BB451F46656600EAEFC8 /* Build configuration list for PBXProject "navigationEx1" */ = {
			isa = XCConfigurationList;
			buildConfigurations = (
				9F88BB5A1F46656600EAEFC8 /* Debug */,
				9F88BB5B1F46656600EAEFC8 /* Release */,
			);
			defaultConfigurationIsVisible = 0;
			defaultConfigurationName = Release;
		};
		9F88BB5C1F46656600EAEFC8 /* Build configuration list for PBXNativeTarget "navigationEx1" */ = {
			isa = XCConfigurationList;
			buildConfigurations = (
				9F88BB5D1F46656600EAEFC8 /* Debug */,
				9F88BB5E1F46656600EAEFC8 /* Release */,
			);
			defaultConfigurationIsVisible = 0;
		};
/* End XCConfigurationList section */
	};
	rootObject = 9F88BB421F46656600EAEFC8 /* Project object */;
}
